
Microsoft Visual Studio Solution File, Format Version 11.00
# Visual Studio 2010
Project("{FAE04EC0-301F-11D3-BF4B-00C04F79EFBC}") = "Assembly-CSharp", "Assembly-CSharp.csproj", "{3e8dbbd3-1983-f954-5654-d4d17884001f}"
EndProject
Project("{FAE04EC0-301F-11D3-BF4B-00C04F79EFBC}") = "Assembly-CSharp-Editor", "Assembly-CSharp-Editor.csproj", "{a5688288-e6c4-f0b7-b0fa-18ee8d101d2c}"
EndProject
Global
	GlobalSection(SolutionConfigurationPlatforms) = preSolution
		Debug|Any CPU = Debug|Any CPU
	EndGlobalSection
	GlobalSection(ProjectConfigurationPlatforms) = postSolution
		{3e8dbbd3-1983-f954-5654-d4d17884001f}.Debug|Any CPU.ActiveCfg = Debug|Any CPU
		{3e8dbbd3-1983-f954-5654-d4d17884001f}.Debug|Any CPU.Build.0 = Debug|Any CPU
		{a5688288-e6c4-f0b7-b0fa-18ee8d101d2c}.Debug|Any CPU.ActiveCfg = Debug|Any CPU
		{a5688288-e6c4-f0b7-b0fa-18ee8d101d2c}.Debug|Any CPU.Build.0 = Debug|Any CPU
	EndGlobalSection
	GlobalSection(SolutionProperties) = preSolution
		HideSolutionNode = FALSE
	EndGlobalSection
EndGlobal
